<Solution>
  <Folder Name="/src/">
    <Project Path="src/Registry.App/Registry.App.csproj" />
    <Project Path="src/Registry.Cli/Registry.Cli.csproj" />
    <Project Path="src/Registry.Core/Registry.Core.csproj" />
  </Folder>
  <Folder Name="/tests/">
    <Project Path="tests/Registry.Tests/Registry.Tests.csproj" />
  </Folder>
</Solution>
